
Microsoft Visual Studio Solution File, Format Version 12.00
# Visual Studio Version 17
VisualStudioVersion = 17.5.33424.131
MinimumVisualStudioVersion = 10.0.40219.1
Project("{9A19103F-16F7-4668-BE54-9A1E7A4F7556}") = "React", "React\React.csproj", "{7E574421-8812-4C96-B35C-6A3D88B2BEFD}"
EndProject
Global
	GlobalSection(SolutionConfigurationPlatforms) = preSolution
		Debug|Any CPU = Debug|Any CPU
		Release|Any CPU = Release|Any CPU
	EndGlobalSection
	GlobalSection(ProjectConfigurationPlatforms) = postSolution
		{7E574421-8812-4C96-B35C-6A3D88B2BEFD}.Debug|Any CPU.ActiveCfg = Debug|Any CPU
		{7E574421-8812-4C96-B35C-6A3D88B2BEFD}.Debug|Any CPU.Build.0 = Debug|Any CPU
		{7E574421-8812-4C96-B35C-6A3D88B2BEFD}.Release|Any CPU.ActiveCfg = Release|Any CPU
		{7E574421-8812-4C96-B35C-6A3D88B2BEFD}.Release|Any CPU.Build.0 = Release|Any CPU
	EndGlobalSection
	GlobalSection(SolutionProperties) = preSolution
		HideSolutionNode = FALSE
	EndGlobalSection
	GlobalSection(ExtensibilityGlobals) = postSolution
		SolutionGuid = {FE3FD08E-BBAF-4AB5-8ACD-08507C096D40}
	EndGlobalSection
EndGlobal
